
Microsoft Visual Studio Solution File, Format Version 12.00
# Visual Studio Version 16
VisualStudioVersion = 16.0.30204.135
MinimumVisualStudioVersion = 10.0.40219.1
Project("{FAE04EC0-301F-11D3-BF4B-00C04F79EFBC}") = "5- Web NET Web Api and SQL", "5- Web NET Web Api and SQL.csproj", "{2FE777F2-41BF-4017-8733-389D37B8FBF8}"
EndProject
Project("{FAE04EC0-301F-11D3-BF4B-00C04F79EFBC}") = "EmployeeDataAccess", "..\EmployeeDataAccess\EmployeeDataAccess.csproj", "{CDE76988-C9E5-48C7-AC07-EE16A2FCC90E}"
EndProject
Project("{FAE04EC0-301F-11D3-BF4B-00C04F79EFBC}") = "ClientApplication", "..\ClientApplication\ClientApplication.csproj", "{DCA2B506-2D53-402F-8EBE-61D616428B3C}"
EndProject
Global
	GlobalSection(SolutionConfigurationPlatforms) = preSolution
		Debug|Any CPU = Debug|Any CPU
		Release|Any CPU = Release|Any CPU
	EndGlobalSection
	GlobalSection(ProjectConfigurationPlatforms) = postSolution
		{2FE777F2-41BF-4017-8733-389D37B8FBF8}.Debug|Any CPU.ActiveCfg = Debug|Any CPU
		{2FE777F2-41BF-4017-8733-389D37B8FBF8}.Debug|Any CPU.Build.0 = Debug|Any CPU
		{2FE777F2-41BF-4017-8733-389D37B8FBF8}.Release|Any CPU.ActiveCfg = Release|Any CPU
		{2FE777F2-41BF-4017-8733-389D37B8FBF8}.Release|Any CPU.Build.0 = Release|Any CPU
		{CDE76988-C9E5-48C7-AC07-EE16A2FCC90E}.Debug|Any CPU.ActiveCfg = Debug|Any CPU
		{CDE76988-C9E5-48C7-AC07-EE16A2FCC90E}.Debug|Any CPU.Build.0 = Debug|Any CPU
		{CDE76988-C9E5-48C7-AC07-EE16A2FCC90E}.Release|Any CPU.ActiveCfg = Release|Any CPU
		{CDE76988-C9E5-48C7-AC07-EE16A2FCC90E}.Release|Any CPU.Build.0 = Release|Any CPU
		{DCA2B506-2D53-402F-8EBE-61D616428B3C}.Debug|Any CPU.ActiveCfg = Debug|Any CPU
		{DCA2B506-2D53-402F-8EBE-61D616428B3C}.Debug|Any CPU.Build.0 = Debug|Any CPU
		{DCA2B506-2D53-402F-8EBE-61D616428B3C}.Release|Any CPU.ActiveCfg = Release|Any CPU
		{DCA2B506-2D53-402F-8EBE-61D616428B3C}.Release|Any CPU.Build.0 = Release|Any CPU
	EndGlobalSection
	GlobalSection(SolutionProperties) = preSolution
		HideSolutionNode = FALSE
	EndGlobalSection
	GlobalSection(ExtensibilityGlobals) = postSolution
		SolutionGuid = {25964EC5-21F7-44C6-A12B-AA0C6DA4957F}
	EndGlobalSection
EndGlobal
